{
  "requires": true,
  "lockfileVersion": 1,
  "dependencies": {
    "react-internationalization": {
      "version": "1.1.0",
      "resolved": "https://registry.npmjs.org/react-internationalization/-/react-internationalization-1.1.0.tgz",
      "integrity": "sha512-wqvI4H4mrQha0x2tfAmAJeJNQKumifYqiQfy8JTxMkje1Of6bpZiF24eOF6PEc8PjW1MEpTBgSMveQialFRxVQ=="
    }
  }
}
